
Microsoft Visual Studio Solution File, Format Version 12.00
# Visual Studio Version 17
VisualStudioVersion = 17.4.33403.182
MinimumVisualStudioVersion = 10.0.40219.1
Project("{C9674DCB-5085-4A16-B785-4C70DD1589BD}") = "CopyColumns", "CopyColumns.dtproj", "{7B338B61-E556-4B50-AD0F-D19FF7CD3481}"
EndProject
Global
	GlobalSection(SolutionConfigurationPlatforms) = preSolution
		Development|Default = Development|Default
	EndGlobalSection
	GlobalSection(ProjectConfigurationPlatforms) = postSolution
		{7B338B61-E556-4B50-AD0F-D19FF7CD3481}.Development|Default.ActiveCfg = Development
		{7B338B61-E556-4B50-AD0F-D19FF7CD3481}.Development|Default.Build.0 = Development
	EndGlobalSection
	GlobalSection(SolutionProperties) = preSolution
		HideSolutionNode = FALSE
	EndGlobalSection
	GlobalSection(ExtensibilityGlobals) = postSolution
		SolutionGuid = {F6654243-792D-4AB1-A3A9-172764955BBD}
	EndGlobalSection
EndGlobal
